
Microsoft Visual Studio Solution File, Format Version 12.00
# Visual Studio 15
VisualStudioVersion = 15.0.27428.2043
MinimumVisualStudioVersion = 10.0.40219.1
Project("{FAE04EC0-301F-11D3-BF4B-00C04F79EFBC}") = "DemoCarouselPage.Android", "DemoCarouselPage\DemoCarouselPage.Android\DemoCarouselPage.Android.csproj", "{7FBA5AFB-2619-4374-A0B3-F44A956A278D}"
EndProject
Project("{FAE04EC0-301F-11D3-BF4B-00C04F79EFBC}") = "DemoCarouselPage.iOS", "DemoCarouselPage\DemoCarouselPage.iOS\DemoCarouselPage.iOS.csproj", "{82BB1E4C-493A-4B13-8665-FC66EC8435F9}"
EndProject
Project("{FAE04EC0-301F-11D3-BF4B-00C04F79EFBC}") = "DemoCarouselPage", "DemoCarouselPage\DemoCarouselPage\DemoCarouselPage.csproj", "{A6D19E79-259A-4B0D-A571-29A5133CA893}"
EndProject
Global
	GlobalSection(SolutionConfigurationPlatforms) = preSolution
		Ad-Hoc|Any CPU = Ad-Hoc|Any CPU
		Ad-Hoc|iPhone = Ad-Hoc|iPhone
		Ad-Hoc|iPhoneSimulator = Ad-Hoc|iPhoneSimulator
		AppStore|Any CPU = AppStore|Any CPU
		AppStore|iPhone = AppStore|iPhone
		AppStore|iPhoneSimulator = AppStore|iPhoneSimulator
		Debug|Any CPU = Debug|Any CPU
		Debug|iPhone = Debug|iPhone
		Debug|iPhoneSimulator = Debug|iPhoneSimulator
		Release|Any CPU = Release|Any CPU
		Release|iPhone = Release|iPhone
		Release|iPhoneSimulator = Release|iPhoneSimulator
	EndGlobalSection
	GlobalSection(ProjectConfigurationPlatforms) = postSolution
		{7FBA5AFB-2619-4374-A0B3-F44A956A278D}.Ad-Hoc|Any CPU.ActiveCfg = Release|Any CPU
		{7FBA5AFB-2619-4374-A0B3-F44A956A278D}.Ad-Hoc|Any CPU.Build.0 = Release|Any CPU
		{7FBA5AFB-2619-4374-A0B3-F44A956A278D}.Ad-Hoc|Any CPU.Deploy.0 = Release|Any CPU
		{7FBA5AFB-2619-4374-A0B3-F44A956A278D}.Ad-Hoc|iPhone.ActiveCfg = Release|Any CPU
		{7FBA5AFB-2619-4374-A0B3-F44A956A278D}.Ad-Hoc|iPhone.Build.0 = Release|Any CPU
		{7FBA5AFB-2619-4374-A0B3-F44A956A278D}.Ad-Hoc|iPhone.Deploy.0 = Release|Any CPU
		{7FBA5AFB-2619-4374-A0B3-F44A956A278D}.Ad-Hoc|iPhoneSimulator.ActiveCfg = Release|Any CPU
		{7FBA5AFB-2619-4374-A0B3-F44A956A278D}.Ad-Hoc|iPhoneSimulator.Build.0 = Release|Any CPU
		{7FBA5AFB-2619-4374-A0B3-F44A956A278D}.Ad-Hoc|iPhoneSimulator.Deploy.0 = Release|Any CPU
		{7FBA5AFB-2619-4374-A0B3-F44A956A278D}.AppStore|Any CPU.ActiveCfg = Release|Any CPU
		{7FBA5AFB-2619-4374-A0B3-F44A956A278D}.AppStore|Any CPU.Build.0 = Release|Any CPU
		{7FBA5AFB-2619-4374-A0B3-F44A956A278D}.AppStore|Any CPU.Deploy.0 = Release|Any CPU
		{7FBA5AFB-2619-4374-A0B3-F44A956A278D}.AppStore|iPhone.ActiveCfg = Release|Any CPU
		{7FBA5AFB-2619-4374-A0B3-F44A956A278D}.AppStore|iPhone.Build.0 = Release|Any CPU
		{7FBA5AFB-2619-4374-A0B3-F44A956A278D}.AppStore|iPhone.Deploy.0 = Release|Any CPU
		{7FBA5AFB-2619-4374-A0B3-F44A956A278D}.AppStore|iPhoneSimulator.ActiveCfg = Release|Any CPU
		{7FBA5AFB-2619-4374-A0B3-F44A956A278D}.AppStore|iPhoneSimulator.Build.0 = Release|Any CPU
		{7FBA5AFB-2619-4374-A0B3-F44A956A278D}.AppStore|iPhoneSimulator.Deploy.0 = Release|Any CPU
		{7FBA5AFB-2619-4374-A0B3-F44A956A278D}.Debug|Any CPU.ActiveCfg = Debug|Any CPU
		{7FBA5AFB-2619-4374-A0B3-F44A956A278D}.Debug|Any CPU.Build.0 = Debug|Any CPU
		{7FBA5AFB-2619-4374-A0B3-F44A956A278D}.Debug|Any CPU.Deploy.0 = Debug|Any CPU
		{7FBA5AFB-2619-4374-A0B3-F44A956A278D}.Debug|iPhone.ActiveCfg = Debug|Any CPU
		{7FBA5AFB-2619-4374-A0B3-F44A956A278D}.Debug|iPhone.Build.0 = Debug|Any CPU
		{7FBA5AFB-2619-4374-A0B3-F44A956A278D}.Debug|iPhone.Deploy.0 = Debug|Any CPU
		{7FBA5AFB-2619-4374-A0B3-F44A956A278D}.Debug|iPhoneSimulator.ActiveCfg = Debug|Any CPU
		{7FBA5AFB-2619-4374-A0B3-F44A956A278D}.Debug|iPhoneSimulator.Build.0 = Debug|Any CPU
		{7FBA5AFB-2619-4374-A0B3-F44A956A278D}.Debug|iPhoneSimulator.Deploy.0 = Debug|Any CPU
		{7FBA5AFB-2619-4374-A0B3-F44A956A278D}.Release|Any CPU.ActiveCfg = Release|Any CPU
		{7FBA5AFB-2619-4374-A0B3-F44A956A278D}.Release|Any CPU.Build.0 = Release|Any CPU
		{7FBA5AFB-2619-4374-A0B3-F44A956A278D}.Release|Any CPU.Deploy.0 = Release|Any CPU
		{7FBA5AFB-2619-4374-A0B3-F44A956A278D}.Release|iPhone.ActiveCfg = Release|Any CPU
		{7FBA5AFB-2619-4374-A0B3-F44A956A278D}.Release|iPhone.Build.0 = Release|Any CPU
		{7FBA5AFB-2619-4374-A0B3-F44A956A278D}.Release|iPhone.Deploy.0 = Release|Any CPU
		{7FBA5AFB-2619-4374-A0B3-F44A956A278D}.Release|iPhoneSimulator.ActiveCfg = Release|Any CPU
		{7FBA5AFB-2619-4374-A0B3-F44A956A278D}.Release|iPhoneSimulator.Build.0 = Release|Any CPU
		{7FBA5AFB-2619-4374-A0B3-F44A956A278D}.Release|iPhoneSimulator.Deploy.0 = Release|Any CPU
		{82BB1E4C-493A-4B13-8665-FC66EC8435F9}.Ad-Hoc|Any CPU.ActiveCfg = Ad-Hoc|iPhone
		{82BB1E4C-493A-4B13-8665-FC66EC8435F9}.Ad-Hoc|iPhone.ActiveCfg = Ad-Hoc|iPhone
		{82BB1E4C-493A-4B13-8665-FC66EC8435F9}.Ad-Hoc|iPhone.Build.0 = Ad-Hoc|iPhone
		{82BB1E4C-493A-4B13-8665-FC66EC8435F9}.Ad-Hoc|iPhoneSimulator.ActiveCfg = Ad-Hoc|iPhoneSimulator
		{82BB1E4C-493A-4B13-8665-FC66EC8435F9}.Ad-Hoc|iPhoneSimulator.Build.0 = Ad-Hoc|iPhoneSimulator
		{82BB1E4C-493A-4B13-8665-FC66EC8435F9}.AppStore|Any CPU.ActiveCfg = AppStore|iPhone
		{82BB1E4C-493A-4B13-8665-FC66EC8435F9}.AppStore|iPhone.ActiveCfg = AppStore|iPhone
		{82BB1E4C-493A-4B13-8665-FC66EC8435F9}.AppStore|iPhone.Build.0 = AppStore|iPhone
		{82BB1E4C-493A-4B13-8665-FC66EC8435F9}.AppStore|iPhoneSimulator.ActiveCfg = AppStore|iPhoneSimulator
		{82BB1E4C-493A-4B13-8665-FC66EC8435F9}.AppStore|iPhoneSimulator.Build.0 = AppStore|iPhoneSimulator
		{82BB1E4C-493A-4B13-8665-FC66EC8435F9}.Debug|Any CPU.ActiveCfg = Debug|iPhone
		{82BB1E4C-493A-4B13-8665-FC66EC8435F9}.Debug|iPhone.ActiveCfg = Debug|iPhone
		{82BB1E4C-493A-4B13-8665-FC66EC8435F9}.Debug|iPhone.Build.0 = Debug|iPhone
		{82BB1E4C-493A-4B13-8665-FC66EC8435F9}.Debug|iPhoneSimulator.ActiveCfg = Debug|iPhoneSimulator
		{82BB1E4C-493A-4B13-8665-FC66EC8435F9}.Debug|iPhoneSimulator.Build.0 = Debug|iPhoneSimulator
		{82BB1E4C-493A-4B13-8665-FC66EC8435F9}.Release|Any CPU.ActiveCfg = Release|iPhone
		{82BB1E4C-493A-4B13-8665-FC66EC8435F9}.Release|iPhone.ActiveCfg = Release|iPhone
		{82BB1E4C-493A-4B13-8665-FC66EC8435F9}.Release|iPhone.Build.0 = Release|iPhone
		{82BB1E4C-493A-4B13-8665-FC66EC8435F9}.Release|iPhoneSimulator.ActiveCfg = Release|iPhoneSimulator
		{82BB1E4C-493A-4B13-8665-FC66EC8435F9}.Release|iPhoneSimulator.Build.0 = Release|iPhoneSimulator
		{A6D19E79-259A-4B0D-A571-29A5133CA893}.Ad-Hoc|Any CPU.ActiveCfg = Debug|Any CPU
		{A6D19E79-259A-4B0D-A571-29A5133CA893}.Ad-Hoc|Any CPU.Build.0 = Debug|Any CPU
		{A6D19E79-259A-4B0D-A571-29A5133CA893}.Ad-Hoc|iPhone.ActiveCfg = Debug|Any CPU
		{A6D19E79-259A-4B0D-A571-29A5133CA893}.Ad-Hoc|iPhone.Build.0 = Debug|Any CPU
		{A6D19E79-259A-4B0D-A571-29A5133CA893}.Ad-Hoc|iPhoneSimulator.ActiveCfg = Debug|Any CPU
		{A6D19E79-259A-4B0D-A571-29A5133CA893}.Ad-Hoc|iPhoneSimulator.Build.0 = Debug|Any CPU
		{A6D19E79-259A-4B0D-A571-29A5133CA893}.AppStore|Any CPU.ActiveCfg = Debug|Any CPU
		{A6D19E79-259A-4B0D-A571-29A5133CA893}.AppStore|Any CPU.Build.0 = Debug|Any CPU
		{A6D19E79-259A-4B0D-A571-29A5133CA893}.AppStore|iPhone.ActiveCfg = Debug|Any CPU
		{A6D19E79-259A-4B0D-A571-29A5133CA893}.AppStore|iPhone.Build.0 = Debug|Any CPU
		{A6D19E79-259A-4B0D-A571-29A5133CA893}.AppStore|iPhoneSimulator.ActiveCfg = Debug|Any CPU
		{A6D19E79-259A-4B0D-A571-29A5133CA893}.AppStore|iPhoneSimulator.Build.0 = Debug|Any CPU
		{A6D19E79-259A-4B0D-A571-29A5133CA893}.Debug|Any CPU.ActiveCfg = Debug|Any CPU
		{A6D19E79-259A-4B0D-A571-29A5133CA893}.Debug|Any CPU.Build.0 = Debug|Any CPU
		{A6D19E79-259A-4B0D-A571-29A5133CA893}.Debug|iPhone.ActiveCfg = Debug|Any CPU
		{A6D19E79-259A-4B0D-A571-29A5133CA893}.Debug|iPhone.Build.0 = Debug|Any CPU
		{A6D19E79-259A-4B0D-A571-29A5133CA893}.Debug|iPhoneSimulator.ActiveCfg = Debug|Any CPU
		{A6D19E79-259A-4B0D-A571-29A5133CA893}.Debug|iPhoneSimulator.Build.0 = Debug|Any CPU
		{A6D19E79-259A-4B0D-A571-29A5133CA893}.Release|Any CPU.ActiveCfg = Release|Any CPU
		{A6D19E79-259A-4B0D-A571-29A5133CA893}.Release|Any CPU.Build.0 = Release|Any CPU
		{A6D19E79-259A-4B0D-A571-29A5133CA893}.Release|iPhone.ActiveCfg = Release|Any CPU
		{A6D19E79-259A-4B0D-A571-29A5133CA893}.Release|iPhone.Build.0 = Release|Any CPU
		{A6D19E79-259A-4B0D-A571-29A5133CA893}.Release|iPhoneSimulator.ActiveCfg = Release|Any CPU
		{A6D19E79-259A-4B0D-A571-29A5133CA893}.Release|iPhoneSimulator.Build.0 = Release|Any CPU
	EndGlobalSection
	GlobalSection(SolutionProperties) = preSolution
		HideSolutionNode = FALSE
	EndGlobalSection
	GlobalSection(ExtensibilityGlobals) = postSolution
		SolutionGuid = {179EA332-53A0-4F06-A99C-6763532C3D42}
	EndGlobalSection
EndGlobal
